dependencies:
- alias: ""
  condition: ""
  enabled: false
  import-values: null
  name: kube-lego
  repository: https://kubernetes-charts.storage.googleapis.com/
  tags: null
  version: 0.1.10
- alias: ""
  condition: ""
  enabled: false
  import-values: null
  name: prometheus
  repository: https://kubernetes-charts.storage.googleapis.com/
  tags: null
  version: 3.0.2
- alias: ""
  condition: ""
  enabled: false
  import-values: null
  name: grafana
  repository: https://kubernetes-charts.storage.googleapis.com/
  tags: null
  version: 0.3.6
- alias: ""
  condition: ""
  enabled: false
  import-values: null
  name: spinnaker
  repository: https://kubernetes-charts.storage.googleapis.com/
  tags: null
  version: 0.2.0
- alias: ""
  condition: ""
  enabled: false
  import-values: null
  name: istio
  repository: http://storage.googleapis.com/kubernetes-charts-incubator/
  tags: null
  version: 0.2.1
- alias: ""
  condition: ""
  enabled: false
  import-values: null
  name: nginx-ingress
  repository: https://kubernetes-charts.storage.googleapis.com/
  tags: null
  version: 0.6.0
digest: sha256:858a9adcef4570098892f4b47db07542e08a512a7a93b456e5d328f77f535742
generated: 2017-06-27T21:30:18.1183982-07:00
