dependencies:
- name: kube-lego
  repository: https://kubernetes-charts.storage.googleapis.com/
  version: 0.1.10
- name: spinnaker
  repository: https://kubernetes-charts.storage.googleapis.com/
  version: 0.3.2
- name: istio
  repository: https://kubernetes-charts-incubator.storage.googleapis.com/
  version: 0.2.6-chart5
- name: gitlab
  repository: https://charts.gitlab.io/
  version: 0.1.6
- name: nginx-ingress
  repository: https://kubernetes-charts.storage.googleapis.com/
  version: 0.8.1
digest: sha256:ce7ee947f821e4cc8601714b7999e5d26265bcf533ab736c11f671e5aed6ae76
generated: 2017-08-28T23:19:17.463462415-07:00
